
Microsoft Visual Studio Solution File, Format Version 12.00
# Visual Studio 15
VisualStudioVersion = 15.0.26730.8
MinimumVisualStudioVersion = 10.0.40219.1
Project("{FAE04EC0-301F-11D3-BF4B-00C04F79EFBC}") = "Servidor", "Servicos\Servidor.csproj", "{E2E4842D-992D-4AA0-9919-24EC0D9B89EA}"
EndProject
Project("{2150E333-8FDC-42A3-9474-1A3956D46DE8}") = ".nuget", ".nuget", "{B260969B-A374-4A5F-BAE9-CA155671FDEF}"
	ProjectSection(SolutionItems) = preProject
		.nuget\NuGet.Config = .nuget\NuGet.Config
		.nuget\NuGet.exe = .nuget\NuGet.exe
		.nuget\NuGet.targets = .nuget\NuGet.targets
	EndProjectSection
EndProject
Global
	GlobalSection(SolutionConfigurationPlatforms) = preSolution
		Debug|Any CPU = Debug|Any CPU
		Release|Any CPU = Release|Any CPU
	EndGlobalSection
	GlobalSection(ProjectConfigurationPlatforms) = postSolution
		{E2E4842D-992D-4AA0-9919-24EC0D9B89EA}.Debug|Any CPU.ActiveCfg = Debug|Any CPU
		{E2E4842D-992D-4AA0-9919-24EC0D9B89EA}.Debug|Any CPU.Build.0 = Debug|Any CPU
		{E2E4842D-992D-4AA0-9919-24EC0D9B89EA}.Release|Any CPU.ActiveCfg = Release|Any CPU
		{E2E4842D-992D-4AA0-9919-24EC0D9B89EA}.Release|Any CPU.Build.0 = Release|Any CPU
	EndGlobalSection
	GlobalSection(SolutionProperties) = preSolution
		HideSolutionNode = FALSE
	EndGlobalSection
	GlobalSection(ExtensibilityGlobals) = postSolution
		SolutionGuid = {EE9BB636-3EF5-4650-B46A-5A69D62717AB}
	EndGlobalSection
EndGlobal
